// !$*UTF8*$!
{
	archiveVersion = 1;
	classes = {
	};
	objectVersion = 46;
	objects = {

/* Begin PBXBuildFile section */
		AE0E484218A8E4F800D46FCB /* HeartsData.m in Sources */ = {isa = PBXBuildFile; fileRef = AE0E484118A8E4F800D46FCB /* HeartsData.m */; };
		AE334E2A1890233800842763 /* Foundation.framework in Frameworks */ = {isa = PBXBuildFile; fileRef = AE334E291890233800842763 /* Foundation.framework */; };
		AE334E2C1890233800842763 /* CoreGraphics.framework in Frameworks */ = {isa = PBXBuildFile; fileRef = AE334E2B1890233800842763 /* CoreGraphics.framework */; };
		AE334E2E1890233800842763 /* UIKit.framework in Frameworks */ = {isa = PBXBuildFile; fileRef = AE334E2D1890233800842763 /* UIKit.framework */; };
		AE334E341890233800842763 /* InfoPlist.strings in Resources */ = {isa = PBXBuildFile; fileRef = AE334E321890233800842763 /* InfoPlist.strings */; };
		AE334E361890233800842763 /* main.m in Sources */ = {isa = PBXBuildFile; fileRef = AE334E351890233800842763 /* main.m */; };
		AE334E3A1890233800842763 /* AppDelegate.m in Sources */ = {isa = PBXBuildFile; fileRef = AE334E391890233800842763 /* AppDelegate.m */; };
		AE334E3D1890233800842763 /* Main.storyboard in Resources */ = {isa = PBXBuildFile; fileRef = AE334E3B1890233800842763 /* Main.storyboard */; };
		AE334E401890233800842763 /* ViewController.m in Sources */ = {isa = PBXBuildFile; fileRef = AE334E3F1890233800842763 /* ViewController.m */; };
		AE334E421890233800842763 /* Images.xcassets in Resources */ = {isa = PBXBuildFile; fileRef = AE334E411890233800842763 /* Images.xcassets */; };
		AE334E491890233800842763 /* XCTest.framework in Frameworks */ = {isa = PBXBuildFile; fileRef = AE334E481890233800842763 /* XCTest.framework */; };
		AE334E4A1890233800842763 /* Foundation.framework in Frameworks */ = {isa = PBXBuildFile; fileRef = AE334E291890233800842763 /* Foundation.framework */; };
		AE334E4B1890233800842763 /* UIKit.framework in Frameworks */ = {isa = PBXBuildFile; fileRef = AE334E2D1890233800842763 /* UIKit.framework */; };
		AE334E531890233800842763 /* InfoPlist.strings in Resources */ = {isa = PBXBuildFile; fileRef = AE334E511890233800842763 /* InfoPlist.strings */; };
		AE334E551890233800842763 /* PebbleAppStoreHeartsTests.m in Sources */ = {isa = PBXBuildFile; fileRef = AE334E541890233800842763 /* PebbleAppStoreHeartsTests.m */; };
		AE70144318B66714007B1667 /* heart.png in Resources */ = {isa = PBXBuildFile; fileRef = AE70144218B66714007B1667 /* heart.png */; };
		AECD1C3418B3351C0067B33A /* background.png in Resources */ = {isa = PBXBuildFile; fileRef = AECD1C3318B3351C0067B33A /* background.png */; };
		AECD1C3618B336930067B33A /* settingsIcon.png in Resources */ = {isa = PBXBuildFile; fileRef = AECD1C3518B336930067B33A /* settingsIcon.png */; };
		AECD1C3A18B376090067B33A /* appstoreID.png in Resources */ = {isa = PBXBuildFile; fileRef = AECD1C3918B376090067B33A /* appstoreID.png */; };
/* End PBXBuildFile section */

/* Begin PBXContainerItemProxy section */
		AE334E4C1890233800842763 /* PBXContainerItemProxy */ = {
			isa = PBXContainerItemProxy;
			containerPortal = AE334E1E1890233800842763 /* Project object */;
			proxyType = 1;
			remoteGlobalIDString = AE334E251890233800842763;
			remoteInfo = PebbleAppStoreHearts;
		};
/* End PBXContainerItemProxy section */

/* Begin PBXFileReference section */
		AE0E484018A8E4F800D46FCB /* HeartsData.h */ = {isa = PBXFileReference; fileEncoding = 4; lastKnownFileType = sourcecode.c.h; path = HeartsData.h; sourceTree = "<group>"; };
		AE0E484118A8E4F800D46FCB /* HeartsData.m */ = {isa = PBXFileReference; fileEncoding = 4; lastKnownFileType = sourcecode.c.objc; path = HeartsData.m; sourceTree = "<group>"; };
		AE334E261890233800842763 /* PebbleAppStoreHearts.app */ = {isa = PBXFileReference; explicitFileType = wrapper.application; includeInIndex = 0; path = PebbleAppStoreHearts.app; sourceTree = BUILT_PRODUCTS_DIR; };
		AE334E291890233800842763 /* Foundation.framework */ = {isa = PBXFileReference; lastKnownFileType = wrapper.framework; name = Foundation.framework; path = System/Library/Frameworks/Foundation.framework; sourceTree = SDKROOT; };
		AE334E2B1890233800842763 /* CoreGraphics.framework */ = {isa = PBXFileReference; lastKnownFileType = wrapper.framework; name = CoreGraphics.framework; path = System/Library/Frameworks/CoreGraphics.framework; sourceTree = SDKROOT; };
		AE334E2D1890233800842763 /* UIKit.framework */ = {isa = PBXFileReference; lastKnownFileType = wrapper.framework; name = UIKit.framework; path = System/Library/Frameworks/UIKit.framework; sourceTree = SDKROOT; };
		AE334E311890233800842763 /* PebbleAppStoreHearts-Info.plist */ = {isa = PBXFileReference; lastKnownFileType = text.plist.xml; path = "PebbleAppStoreHearts-Info.plist"; sourceTree = "<group>"; };
		AE334E331890233800842763 /* en */ = {isa = PBXFileReference; lastKnownFileType = text.plist.strings; name = en; path = en.lproj/InfoPlist.strings; sourceTree = "<group>"; };
		AE334E351890233800842763 /* main.m */ = {isa = PBXFileReference; lastKnownFileType = sourcecode.c.objc; path = main.m; sourceTree = "<group>"; };
		AE334E371890233800842763 /* PebbleAppStoreHearts-Prefix.pch */ = {isa = PBXFileReference; lastKnownFileType = sourcecode.c.h; path = "PebbleAppStoreHearts-Prefix.pch"; sourceTree = "<group>"; };
		AE334E381890233800842763 /* AppDelegate.h */ = {isa = PBXFileReference; lastKnownFileType = sourcecode.c.h; path = AppDelegate.h; sourceTree = "<group>"; };
		AE334E391890233800842763 /* AppDelegate.m */ = {isa = PBXFileReference; lastKnownFileType = sourcecode.c.objc; path = AppDelegate.m; sourceTree = "<group>"; };
		AE334E3C1890233800842763 /* Base */ = {isa = PBXFileReference; lastKnownFileType = file.storyboard; name = Base; path = Base.lproj/Main.storyboard; sourceTree = "<group>"; };
		AE334E3E1890233800842763 /* ViewController.h */ = {isa = PBXFileReference; lastKnownFileType = sourcecode.c.h; path = ViewController.h; sourceTree = "<group>"; };
		AE334E3F1890233800842763 /* ViewController.m */ = {isa = PBXFileReference; lastKnownFileType = sourcecode.c.objc; path = ViewController.m; sourceTree = "<group>"; };
		AE334E411890233800842763 /* Images.xcassets */ = {isa = PBXFileReference; lastKnownFileType = folder.assetcatalog; path = Images.xcassets; sourceTree = "<group>"; };
		AE334E471890233800842763 /* PebbleAppStoreHeartsTests.xctest */ = {isa = PBXFileReference; explicitFileType = wrapper.cfbundle; includeInIndex = 0; path = PebbleAppStoreHeartsTests.xctest; sourceTree = BUILT_PRODUCTS_DIR; };
		AE334E481890233800842763 /* XCTest.framework */ = {isa = PBXFileReference; lastKnownFileType = wrapper.framework; name = XCTest.framework; path = Library/Frameworks/XCTest.framework; sourceTree = DEVELOPER_DIR; };
		AE334E501890233800842763 /* PebbleAppStoreHeartsTests-Info.plist */ = {isa = PBXFileReference; lastKnownFileType = text.plist.xml; path = "PebbleAppStoreHeartsTests-Info.plist"; sourceTree = "<group>"; };
		AE334E521890233800842763 /* en */ = {isa = PBXFileReference; lastKnownFileType = text.plist.strings; name = en; path = en.lproj/InfoPlist.strings; sourceTree = "<group>"; };
		AE334E541890233800842763 /* PebbleAppStoreHeartsTests.m */ = {isa = PBXFileReference; lastKnownFileType = sourcecode.c.objc; path = PebbleAppStoreHeartsTests.m; sourceTree = "<group>"; };
		AE70144218B66714007B1667 /* heart.png */ = {isa = PBXFileReference; lastKnownFileType = image.png; path = heart.png; sourceTree = "<group>"; };
		AECD1C3318B3351C0067B33A /* background.png */ = {isa = PBXFileReference; lastKnownFileType = image.png; path = background.png; sourceTree = "<group>"; };
		AECD1C3518B336930067B33A /* settingsIcon.png */ = {isa = PBXFileReference; lastKnownFileType = image.png; path = settingsIcon.png; sourceTree = "<group>"; };
		AECD1C3918B376090067B33A /* appstoreID.png */ = {isa = PBXFileReference; lastKnownFileType = image.png; path = appstoreID.png; sourceTree = "<group>"; };
/* End PBXFileReference section */

/* Begin PBXFrameworksBuildPhase section */
		AE334E231890233800842763 /* Frameworks */ = {
			isa = PBXFrameworksBuildPhase;
			buildActionMask = 2147483647;
			files = (
				AE334E2C1890233800842763 /* CoreGraphics.framework in Frameworks */,
				AE334E2E1890233800842763 /* UIKit.framework in Frameworks */,
				AE334E2A1890233800842763 /* Foundation.framework in Frameworks */,
			);
			runOnlyForDeploymentPostprocessing = 0;
		};
		AE334E441890233800842763 /* Frameworks */ = {
			isa = PBXFrameworksBuildPhase;
			buildActionMask = 2147483647;
			files = (
				AE334E491890233800842763 /* XCTest.framework in Frameworks */,
				AE334E4B1890233800842763 /* UIKit.framework in Frameworks */,
				AE334E4A1890233800842763 /* Foundation.framework in Frameworks */,
			);
			runOnlyForDeploymentPostprocessing = 0;
		};
/* End PBXFrameworksBuildPhase section */

/* Begin PBXGroup section */
		AE334E1D1890233800842763 = {
			isa = PBXGroup;
			children = (
				AE334E2F1890233800842763 /* PebbleAppStoreHearts */,
				AE334E4E1890233800842763 /* PebbleAppStoreHeartsTests */,
				AE334E281890233800842763 /* Frameworks */,
				AE334E271890233800842763 /* Products */,
			);
			sourceTree = "<group>";
		};
		AE334E271890233800842763 /* Products */ = {
			isa = PBXGroup;
			children = (
				AE334E261890233800842763 /* PebbleAppStoreHearts.app */,
				AE334E471890233800842763 /* PebbleAppStoreHeartsTests.xctest */,
			);
			name = Products;
			sourceTree = "<group>";
		};
		AE334E281890233800842763 /* Frameworks */ = {
			isa = PBXGroup;
			children = (
				AE334E291890233800842763 /* Foundation.framework */,
				AE334E2B1890233800842763 /* CoreGraphics.framework */,
				AE334E2D1890233800842763 /* UIKit.framework */,
				AE334E481890233800842763 /* XCTest.framework */,
			);
			name = Frameworks;
			sourceTree = "<group>";
		};
		AE334E2F1890233800842763 /* PebbleAppStoreHearts */ = {
			isa = PBXGroup;
			children = (
				AE334E381890233800842763 /* AppDelegate.h */,
				AE334E391890233800842763 /* AppDelegate.m */,
				AE334E3B1890233800842763 /* Main.storyboard */,
				AE334E3E1890233800842763 /* ViewController.h */,
				AE334E3F1890233800842763 /* ViewController.m */,
				AE0E484018A8E4F800D46FCB /* HeartsData.h */,
				AE0E484118A8E4F800D46FCB /* HeartsData.m */,
				AE334E411890233800842763 /* Images.xcassets */,
				AE70144118B621B8007B1667 /* Images */,
				AE334E301890233800842763 /* Supporting Files */,
			);
			path = PebbleAppStoreHearts;
			sourceTree = "<group>";
		};
		AE334E301890233800842763 /* Supporting Files */ = {
			isa = PBXGroup;
			children = (
				AE334E311890233800842763 /* PebbleAppStoreHearts-Info.plist */,
				AE334E321890233800842763 /* InfoPlist.strings */,
				AE334E351890233800842763 /* main.m */,
				AE334E371890233800842763 /* PebbleAppStoreHearts-Prefix.pch */,
			);
			name = "Supporting Files";
			sourceTree = "<group>";
		};
		AE334E4E1890233800842763 /* PebbleAppStoreHeartsTests */ = {
			isa = PBXGroup;
			children = (
				AE334E541890233800842763 /* PebbleAppStoreHeartsTests.m */,
				AE334E4F1890233800842763 /* Supporting Files */,
			);
			path = PebbleAppStoreHeartsTests;
			sourceTree = "<group>";
		};
		AE334E4F1890233800842763 /* Supporting Files */ = {
			isa = PBXGroup;
			children = (
				AE334E501890233800842763 /* PebbleAppStoreHeartsTests-Info.plist */,
				AE334E511890233800842763 /* InfoPlist.strings */,
			);
			name = "Supporting Files";
			sourceTree = "<group>";
		};
		AE70144118B621B8007B1667 /* Images */ = {
			isa = PBXGroup;
			children = (
				AECD1C3918B376090067B33A /* appstoreID.png */,
				AE70144218B66714007B1667 /* heart.png */,
				AECD1C3518B336930067B33A /* settingsIcon.png */,
				AECD1C3318B3351C0067B33A /* background.png */,
			);
			name = Images;
			sourceTree = "<group>";
		};
/* End PBXGroup section */

/* Begin PBXNativeTarget section */
		AE334E251890233800842763 /* PebbleAppStoreHearts */ = {
			isa = PBXNativeTarget;
			buildConfigurationList = AE334E581890233800842763 /* Build configuration list for PBXNativeTarget "PebbleAppStoreHearts" */;
			buildPhases = (
				AE334E221890233800842763 /* Sources */,
				AE334E231890233800842763 /* Frameworks */,
				AE334E241890233800842763 /* Resources */,
			);
			buildRules = (
			);
			dependencies = (
			);
			name = PebbleAppStoreHearts;
			productName = PebbleAppStoreHearts;
			productReference = AE334E261890233800842763 /* PebbleAppStoreHearts.app */;
			productType = "com.apple.product-type.application";
		};
		AE334E461890233800842763 /* PebbleAppStoreHeartsTests */ = {
			isa = PBXNativeTarget;
			buildConfigurationList = AE334E5B1890233800842763 /* Build configuration list for PBXNativeTarget "PebbleAppStoreHeartsTests" */;
			buildPhases = (
				AE334E431890233800842763 /* Sources */,
				AE334E441890233800842763 /* Frameworks */,
				AE334E451890233800842763 /* Resources */,
			);
			buildRules = (
			);
			dependencies = (
				AE334E4D1890233800842763 /* PBXTargetDependency */,
			);
			name = PebbleAppStoreHeartsTests;
			productName = PebbleAppStoreHeartsTests;
			productReference = AE334E471890233800842763 /* PebbleAppStoreHeartsTests.xctest */;
			productType = "com.apple.product-type.bundle.unit-test";
		};
/* End PBXNativeTarget section */

/* Begin PBXProject section */
		AE334E1E1890233800842763 /* Project object */ = {
			isa = PBXProject;
			attributes = {
				LastUpgradeCheck = 0500;
				ORGANIZATIONNAME = "Patrick Balestra";
				TargetAttributes = {
					AE334E251890233800842763 = {
						SystemCapabilities = {
							com.apple.BackgroundModes = {
								enabled = 1;
							};
						};
					};
					AE334E461890233800842763 = {
						TestTargetID = AE334E251890233800842763;
					};
				};
			};
			buildConfigurationList = AE334E211890233800842763 /* Build configuration list for PBXProject "PebbleAppStoreHearts" */;
			compatibilityVersion = "Xcode 3.2";
			developmentRegion = English;
			hasScannedForEncodings = 0;
			knownRegions = (
				en,
				Base,
			);
			mainGroup = AE334E1D1890233800842763;
			productRefGroup = AE334E271890233800842763 /* Products */;
			projectDirPath = "";
			projectRoot = "";
			targets = (
				AE334E251890233800842763 /* PebbleAppStoreHearts */,
				AE334E461890233800842763 /* PebbleAppStoreHeartsTests */,
			);
		};
/* End PBXProject section */

/* Begin PBXResourcesBuildPhase section */
		AE334E241890233800842763 /* Resources */ = {
			isa = PBXResourcesBuildPhase;
			buildActionMask = 2147483647;
			files = (
				AE334E421890233800842763 /* Images.xcassets in Resources */,
				AECD1C3618B336930067B33A /* settingsIcon.png in Resources */,
				AECD1C3A18B376090067B33A /* appstoreID.png in Resources */,
				AECD1C3418B3351C0067B33A /* background.png in Resources */,
				AE70144318B66714007B1667 /* heart.png in Resources */,
				AE334E341890233800842763 /* InfoPlist.strings in Resources */,
				AE334E3D1890233800842763 /* Main.storyboard in Resources */,
			);
			runOnlyForDeploymentPostprocessing = 0;
		};
		AE334E451890233800842763 /* Resources */ = {
			isa = PBXResourcesBuildPhase;
			buildActionMask = 2147483647;
			files = (
				AE334E531890233800842763 /* InfoPlist.strings in Resources */,
			);
			runOnlyForDeploymentPostprocessing = 0;
		};
/* End PBXResourcesBuildPhase section */

/* Begin PBXSourcesBuildPhase section */
		AE334E221890233800842763 /* Sources */ = {
			isa = PBXSourcesBuildPhase;
			buildActionMask = 2147483647;
			files = (
				AE334E401890233800842763 /* ViewController.m in Sources */,
				AE334E3A1890233800842763 /* AppDelegate.m in Sources */,
				AE0E484218A8E4F800D46FCB /* HeartsData.m in Sources */,
				AE334E361890233800842763 /* main.m in Sources */,
			);
			runOnlyForDeploymentPostprocessing = 0;
		};
		AE334E431890233800842763 /* Sources */ = {
			isa = PBXSourcesBuildPhase;
			buildActionMask = 2147483647;
			files = (
				AE334E551890233800842763 /* PebbleAppStoreHeartsTests.m in Sources */,
			);
			runOnlyForDeploymentPostprocessing = 0;
		};
/* End PBXSourcesBuildPhase section */

/* Begin PBXTargetDependency section */
		AE334E4D1890233800842763 /* PBXTargetDependency */ = {
			isa = PBXTargetDependency;
			target = AE334E251890233800842763 /* PebbleAppStoreHearts */;
			targetProxy = AE334E4C1890233800842763 /* PBXContainerItemProxy */;
		};
/* End PBXTargetDependency section */

/* Begin PBXVariantGroup section */
		AE334E321890233800842763 /* InfoPlist.strings */ = {
			isa = PBXVariantGroup;
			children = (
				AE334E331890233800842763 /* en */,
			);
			name = InfoPlist.strings;
			sourceTree = "<group>";
		};
		AE334E3B1890233800842763 /* Main.storyboard */ = {
			isa = PBXVariantGroup;
			children = (
				AE334E3C1890233800842763 /* Base */,
			);
			name = Main.storyboard;
			sourceTree = "<group>";
		};
		AE334E511890233800842763 /* InfoPlist.strings */ = {
			isa = PBXVariantGroup;
			children = (
				AE334E521890233800842763 /* en */,
			);
			name = InfoPlist.strings;
			sourceTree = "<group>";
		};
/* End PBXVariantGroup section */

/* Begin XCBuildConfiguration section */
		AE334E561890233800842763 /* Debug */ = {
			isa = XCBuildConfiguration;
			buildSettings = {
				ALWAYS_SEARCH_USER_PATHS = NO;
				ARCHS = "$(ARCHS_STANDARD_INCLUDING_64_BIT)";
				CLANG_CXX_LANGUAGE_STANDARD = "gnu++0x";
				CLANG_CXX_LIBRARY = "libc++";
				CLANG_ENABLE_MODULES = YES;
				CLANG_ENABLE_OBJC_ARC = YES;
				CLANG_WARN_BOOL_CONVERSION = YES;
				CLANG_WARN_CONSTANT_CONVERSION = YES;
				CLANG_WARN_DIRECT_OBJC_ISA_USAGE = YES_ERROR;
				CLANG_WARN_EMPTY_BODY = YES;
				CLANG_WARN_ENUM_CONVERSION = YES;
				CLANG_WARN_INT_CONVERSION = YES;
				CLANG_WARN_OBJC_ROOT_CLASS = YES_ERROR;
				CLANG_WARN__DUPLICATE_METHOD_MATCH = YES;
				"CODE_SIGN_IDENTITY[sdk=iphoneos*]" = "iPhone Developer";
				COPY_PHASE_STRIP = NO;
				GCC_C_LANGUAGE_STANDARD = gnu99;
				GCC_DYNAMIC_NO_PIC = NO;
				GCC_OPTIMIZATION_LEVEL = 0;
				GCC_PREPROCESSOR_DEFINITIONS = (
					"DEBUG=1",
					"$(inherited)",
				);
				GCC_SYMBOLS_PRIVATE_EXTERN = NO;
				GCC_WARN_64_TO_32_BIT_CONVERSION = YES;
				GCC_WARN_ABOUT_RETURN_TYPE = YES_ERROR;
				GCC_WARN_UNDECLARED_SELECTOR = YES;
				GCC_WARN_UNINITIALIZED_AUTOS = YES;
				GCC_WARN_UNUSED_FUNCTION = YES;
				GCC_WARN_UNUSED_VARIABLE = YES;
				IPHONEOS_DEPLOYMENT_TARGET = 7.0;
				ONLY_ACTIVE_ARCH = YES;
				SDKROOT = iphoneos;
			};
			name = Debug;
		};
		AE334E571890233800842763 /* Release */ = {
			isa = XCBuildConfiguration;
			buildSettings = {
				ALWAYS_SEARCH_USER_PATHS = NO;
				ARCHS = "$(ARCHS_STANDARD_INCLUDING_64_BIT)";
				CLANG_CXX_LANGUAGE_STANDARD = "gnu++0x";
				CLANG_CXX_LIBRARY = "libc++";
				CLANG_ENABLE_MODULES = YES;
				CLANG_ENABLE_OBJC_ARC = YES;
				CLANG_WARN_BOOL_CONVERSION = YES;
				CLANG_WARN_CONSTANT_CONVERSION = YES;
				CLANG_WARN_DIRECT_OBJC_ISA_USAGE = YES_ERROR;
				CLANG_WARN_EMPTY_BODY = YES;
				CLANG_WARN_ENUM_CONVERSION = YES;
				CLANG_WARN_INT_CONVERSION = YES;
				CLANG_WARN_OBJC_ROOT_CLASS = YES_ERROR;
				CLANG_WARN__DUPLICATE_METHOD_MATCH = YES;
				"CODE_SIGN_IDENTITY[sdk=iphoneos*]" = "iPhone Developer";
				COPY_PHASE_STRIP = YES;
				ENABLE_NS_ASSERTIONS = NO;
				GCC_C_LANGUAGE_STANDARD = gnu99;
				GCC_WARN_64_TO_32_BIT_CONVERSION = YES;
				GCC_WARN_ABOUT_RETURN_TYPE = YES_ERROR;
				GCC_WARN_UNDECLARED_SELECTOR = YES;
				GCC_WARN_UNINITIALIZED_AUTOS = YES;
				GCC_WARN_UNUSED_FUNCTION = YES;
				GCC_WARN_UNUSED_VARIABLE = YES;
				IPHONEOS_DEPLOYMENT_TARGET = 7.0;
				SDKROOT = iphoneos;
				VALIDATE_PRODUCT = YES;
			};
			name = Release;
		};
		AE334E591890233800842763 /* Debug */ = {
			isa = XCBuildConfiguration;
			buildSettings = {
				ASSETCATALOG_COMPILER_APPICON_NAME = AppIcon;
				ASSETCATALOG_COMPILER_LAUNCHIMAGE_NAME = LaunchImage;
				GCC_PRECOMPILE_PREFIX_HEADER = YES;
				GCC_PREFIX_HEADER = "PebbleAppStoreHearts/PebbleAppStoreHearts-Prefix.pch";
				INFOPLIST_FILE = "PebbleAppStoreHearts/PebbleAppStoreHearts-Info.plist";
				PRODUCT_NAME = "$(TARGET_NAME)";
				WRAPPER_EXTENSION = app;
			};
			name = Debug;
		};
		AE334E5A1890233800842763 /* Release */ = {
			isa = XCBuildConfiguration;
			buildSettings = {
				ASSETCATALOG_COMPILER_APPICON_NAME = AppIcon;
				ASSETCATALOG_COMPILER_LAUNCHIMAGE_NAME = LaunchImage;
				GCC_PRECOMPILE_PREFIX_HEADER = YES;
				GCC_PREFIX_HEADER = "PebbleAppStoreHearts/PebbleAppStoreHearts-Prefix.pch";
				INFOPLIST_FILE = "PebbleAppStoreHearts/PebbleAppStoreHearts-Info.plist";
				PRODUCT_NAME = "$(TARGET_NAME)";
				WRAPPER_EXTENSION = app;
			};
			name = Release;
		};
		AE334E5C1890233800842763 /* Debug */ = {
			isa = XCBuildConfiguration;
			buildSettings = {
				ARCHS = "$(ARCHS_STANDARD_INCLUDING_64_BIT)";
				BUNDLE_LOADER = "$(BUILT_PRODUCTS_DIR)/PebbleAppStoreHearts.app/PebbleAppStoreHearts";
				FRAMEWORK_SEARCH_PATHS = (
					"$(SDKROOT)/Developer/Library/Frameworks",
					"$(inherited)",
					"$(DEVELOPER_FRAMEWORKS_DIR)",
				);
				GCC_PRECOMPILE_PREFIX_HEADER = YES;
				GCC_PREFIX_HEADER = "PebbleAppStoreHearts/PebbleAppStoreHearts-Prefix.pch";
				GCC_PREPROCESSOR_DEFINITIONS = (
					"DEBUG=1",
					"$(inherited)",
				);
				INFOPLIST_FILE = "PebbleAppStoreHeartsTests/PebbleAppStoreHeartsTests-Info.plist";
				PRODUCT_NAME = "$(TARGET_NAME)";
				TEST_HOST = "$(BUNDLE_LOADER)";
				WRAPPER_EXTENSION = xctest;
			};
			name = Debug;
		};
		AE334E5D1890233800842763 /* Release */ = {
			isa = XCBuildConfiguration;
			buildSettings = {
				ARCHS = "$(ARCHS_STANDARD_INCLUDING_64_BIT)";
				BUNDLE_LOADER = "$(BUILT_PRODUCTS_DIR)/PebbleAppStoreHearts.app/PebbleAppStoreHearts";
				FRAMEWORK_SEARCH_PATHS = (
					"$(SDKROOT)/Developer/Library/Frameworks",
					"$(inherited)",
					"$(DEVELOPER_FRAMEWORKS_DIR)",
				);
				GCC_PRECOMPILE_PREFIX_HEADER = YES;
				GCC_PREFIX_HEADER = "PebbleAppStoreHearts/PebbleAppStoreHearts-Prefix.pch";
				INFOPLIST_FILE = "PebbleAppStoreHeartsTests/PebbleAppStoreHeartsTests-Info.plist";
				PRODUCT_NAME = "$(TARGET_NAME)";
				TEST_HOST = "$(BUNDLE_LOADER)";
				WRAPPER_EXTENSION = xctest;
			};
			name = Release;
		};
/* End XCBuildConfiguration section */

/* Begin XCConfigurationList section */
		AE334E211890233800842763 /* Build configuration list for PBXProject "PebbleAppStoreHearts" */ = {
			isa = XCConfigurationList;
			buildConfigurations = (
				AE334E561890233800842763 /* Debug */,
				AE334E571890233800842763 /* Release */,
			);
			defaultConfigurationIsVisible = 0;
			defaultConfigurationName = Release;
		};
		AE334E581890233800842763 /* Build configuration list for PBXNativeTarget "PebbleAppStoreHearts" */ = {
			isa = XCConfigurationList;
			buildConfigurations = (
				AE334E591890233800842763 /* Debug */,
				AE334E5A1890233800842763 /* Release */,
			);
			defaultConfigurationIsVisible = 0;
			defaultConfigurationName = Release;
		};
		AE334E5B1890233800842763 /* Build configuration list for PBXNativeTarget "PebbleAppStoreHeartsTests" */ = {
			isa = XCConfigurationList;
			buildConfigurations = (
				AE334E5C1890233800842763 /* Debug */,
				AE334E5D1890233800842763 /* Release */,
			);
			defaultConfigurationIsVisible = 0;
			defaultConfigurationName = Release;
		};
/* End XCConfigurationList section */
	};
	rootObject = AE334E1E1890233800842763 /* Project object */;
}
